
Microsoft Visual Studio Solution File, Format Version 12.00
# Visual Studio 14
VisualStudioVersion = 14.0.25420.1
MinimumVisualStudioVersion = 10.0.40219.1
Project("{2150E333-8FDC-42A3-9474-1A3956D46DE8}") = "src", "src", "{F06156F5-C5FF-4ADB-BB6E-7D8F67B4D249}"
EndProject
Project("{2150E333-8FDC-42A3-9474-1A3956D46DE8}") = "Solution Items", "Solution Items", "{BC990C5D-910D-4315-9419-FCF247CDBD93}"
	ProjectSection(SolutionItems) = preProject
		global.json = global.json
	EndProjectSection
EndProject
Project("{8BB2217D-0F2D-49D1-97BC-3654ED321F3B}") = "MobileSecondHand", "src\MobileSecondHand\MobileSecondHand.xproj", "{59509E69-A6DD-418C-BBD3-ED59EA58A9D3}"
EndProject
Project("{2150E333-8FDC-42A3-9474-1A3956D46DE8}") = "API", "API", "{29A99949-E212-4618-AD0E-7B99777202DF}"
EndProject
Project("{2150E333-8FDC-42A3-9474-1A3956D46DE8}") = "DB", "DB", "{55F70B06-B9F1-48E8-975C-D40924EF48D9}"
EndProject
Project("{2150E333-8FDC-42A3-9474-1A3956D46DE8}") = "COMMON", "COMMON", "{7EE241A2-2AE0-487F-874E-0506CC6664AE}"
EndProject
Project("{FAE04EC0-301F-11D3-BF4B-00C04F79EFBC}") = "MobileSecondHand.API.Models", "src\MobileSecondHand.API.Models\MobileSecondHand.API.Models.csproj", "{F413839B-3271-4D47-9594-65BD01846E1E}"
EndProject
Project("{FAE04EC0-301F-11D3-BF4B-00C04F79EFBC}") = "MobileSecondHand.API.Services", "src\MobileSecondHand.API.Services\MobileSecondHand.API.Services.csproj", "{A63C38A5-477A-4708-A678-D33F95552B68}"
EndProject
Project("{FAE04EC0-301F-11D3-BF4B-00C04F79EFBC}") = "MobileSecondHand.COMMON", "src\MobileSecondHand.COMMON\MobileSecondHand.COMMON.csproj", "{383AEA52-BA3C-4B68-BD7D-FA54A10440D1}"
EndProject
Project("{FAE04EC0-301F-11D3-BF4B-00C04F79EFBC}") = "MobileSecondHand.DB.Models", "src\MobileSecondHand.DB.Models\MobileSecondHand.DB.Models.csproj", "{B383A10E-FA12-45B9-A17F-656537C6EEE9}"
EndProject
Project("{FAE04EC0-301F-11D3-BF4B-00C04F79EFBC}") = "MobileSecondHand.DB.Services", "src\MobileSecondHand.DB.Services\MobileSecondHand.DB.Services.csproj", "{DD52AC63-234D-4E23-AEA5-1CF145843A54}"
EndProject
Project("{2150E333-8FDC-42A3-9474-1A3956D46DE8}") = "TESTS", "TESTS", "{49887E46-B003-4D51-8F98-6B1D48EA0DE4}"
EndProject
Project("{FAE04EC0-301F-11D3-BF4B-00C04F79EFBC}") = "MobileSecondHand.API.Services.Tests", "MobileSecondHand.API.Services.Tests\MobileSecondHand.API.Services.Tests.csproj", "{4A33B063-4D2B-451F-ADD5-65E1057BDC45}"
EndProject
Project("{FAE04EC0-301F-11D3-BF4B-00C04F79EFBC}") = "MobileSecondHand.COMMON.Tests", "MobileSecondHand.COMMON.Tests\MobileSecondHand.COMMON.Tests.csproj", "{ADAE80F5-39F3-45A4-BDC0-E19902806331}"
EndProject
Project("{FAE04EC0-301F-11D3-BF4B-00C04F79EFBC}") = "MobileSecondHand.DB.Services.Tests", "MobileSecondHand.DB.Services.Tests\MobileSecondHand.DB.Services.Tests.csproj", "{AA9F8D73-0580-4655-8F35-E3094F967470}"
EndProject
Project("{FAE04EC0-301F-11D3-BF4B-00C04F79EFBC}") = "MobileSecondHand.API.Models.Shared", "MobileSecondHand.API.Models.Shared\MobileSecondHand.API.Models.Shared.csproj", "{240C5D65-7FEC-4E90-A17A-7B8A2C8E942C}"
EndProject
Project("{FAE04EC0-301F-11D3-BF4B-00C04F79EFBC}") = "MobileSecondHand.API.Services.Shared", "MobileSecondHand.API.Services.Shared\MobileSecondHand.API.Services.Shared.csproj", "{6AD1699E-D5EB-4E94-8758-768A5C5D90AF}"
EndProject
Global
	GlobalSection(SolutionConfigurationPlatforms) = preSolution
		Debug|Any CPU = Debug|Any CPU
		Release|Any CPU = Release|Any CPU
	EndGlobalSection
	GlobalSection(ProjectConfigurationPlatforms) = postSolution
		{59509E69-A6DD-418C-BBD3-ED59EA58A9D3}.Debug|Any CPU.ActiveCfg = Debug|Any CPU
		{59509E69-A6DD-418C-BBD3-ED59EA58A9D3}.Debug|Any CPU.Build.0 = Debug|Any CPU
		{59509E69-A6DD-418C-BBD3-ED59EA58A9D3}.Release|Any CPU.ActiveCfg = Release|Any CPU
		{59509E69-A6DD-418C-BBD3-ED59EA58A9D3}.Release|Any CPU.Build.0 = Release|Any CPU
		{F413839B-3271-4D47-9594-65BD01846E1E}.Debug|Any CPU.ActiveCfg = Debug|Any CPU
		{F413839B-3271-4D47-9594-65BD01846E1E}.Debug|Any CPU.Build.0 = Debug|Any CPU
		{F413839B-3271-4D47-9594-65BD01846E1E}.Release|Any CPU.ActiveCfg = Release|Any CPU
		{F413839B-3271-4D47-9594-65BD01846E1E}.Release|Any CPU.Build.0 = Release|Any CPU
		{A63C38A5-477A-4708-A678-D33F95552B68}.Debug|Any CPU.ActiveCfg = Debug|Any CPU
		{A63C38A5-477A-4708-A678-D33F95552B68}.Debug|Any CPU.Build.0 = Debug|Any CPU
		{A63C38A5-477A-4708-A678-D33F95552B68}.Release|Any CPU.ActiveCfg = Release|Any CPU
		{A63C38A5-477A-4708-A678-D33F95552B68}.Release|Any CPU.Build.0 = Release|Any CPU
		{383AEA52-BA3C-4B68-BD7D-FA54A10440D1}.Debug|Any CPU.ActiveCfg = Debug|Any CPU
		{383AEA52-BA3C-4B68-BD7D-FA54A10440D1}.Debug|Any CPU.Build.0 = Debug|Any CPU
		{383AEA52-BA3C-4B68-BD7D-FA54A10440D1}.Release|Any CPU.ActiveCfg = Release|Any CPU
		{383AEA52-BA3C-4B68-BD7D-FA54A10440D1}.Release|Any CPU.Build.0 = Release|Any CPU
		{B383A10E-FA12-45B9-A17F-656537C6EEE9}.Debug|Any CPU.ActiveCfg = Debug|Any CPU
		{B383A10E-FA12-45B9-A17F-656537C6EEE9}.Debug|Any CPU.Build.0 = Debug|Any CPU
		{B383A10E-FA12-45B9-A17F-656537C6EEE9}.Release|Any CPU.ActiveCfg = Release|Any CPU
		{B383A10E-FA12-45B9-A17F-656537C6EEE9}.Release|Any CPU.Build.0 = Release|Any CPU
		{DD52AC63-234D-4E23-AEA5-1CF145843A54}.Debug|Any CPU.ActiveCfg = Debug|Any CPU
		{DD52AC63-234D-4E23-AEA5-1CF145843A54}.Debug|Any CPU.Build.0 = Debug|Any CPU
		{DD52AC63-234D-4E23-AEA5-1CF145843A54}.Release|Any CPU.ActiveCfg = Release|Any CPU
		{DD52AC63-234D-4E23-AEA5-1CF145843A54}.Release|Any CPU.Build.0 = Release|Any CPU
		{4A33B063-4D2B-451F-ADD5-65E1057BDC45}.Debug|Any CPU.ActiveCfg = Debug|Any CPU
		{4A33B063-4D2B-451F-ADD5-65E1057BDC45}.Debug|Any CPU.Build.0 = Debug|Any CPU
		{4A33B063-4D2B-451F-ADD5-65E1057BDC45}.Release|Any CPU.ActiveCfg = Release|Any CPU
		{4A33B063-4D2B-451F-ADD5-65E1057BDC45}.Release|Any CPU.Build.0 = Release|Any CPU
		{ADAE80F5-39F3-45A4-BDC0-E19902806331}.Debug|Any CPU.ActiveCfg = Debug|Any CPU
		{ADAE80F5-39F3-45A4-BDC0-E19902806331}.Debug|Any CPU.Build.0 = Debug|Any CPU
		{ADAE80F5-39F3-45A4-BDC0-E19902806331}.Release|Any CPU.ActiveCfg = Release|Any CPU
		{ADAE80F5-39F3-45A4-BDC0-E19902806331}.Release|Any CPU.Build.0 = Release|Any CPU
		{AA9F8D73-0580-4655-8F35-E3094F967470}.Debug|Any CPU.ActiveCfg = Debug|Any CPU
		{AA9F8D73-0580-4655-8F35-E3094F967470}.Debug|Any CPU.Build.0 = Debug|Any CPU
		{AA9F8D73-0580-4655-8F35-E3094F967470}.Release|Any CPU.ActiveCfg = Release|Any CPU
		{AA9F8D73-0580-4655-8F35-E3094F967470}.Release|Any CPU.Build.0 = Release|Any CPU
		{240C5D65-7FEC-4E90-A17A-7B8A2C8E942C}.Debug|Any CPU.ActiveCfg = Debug|Any CPU
		{240C5D65-7FEC-4E90-A17A-7B8A2C8E942C}.Debug|Any CPU.Build.0 = Debug|Any CPU
		{240C5D65-7FEC-4E90-A17A-7B8A2C8E942C}.Release|Any CPU.ActiveCfg = Release|Any CPU
		{240C5D65-7FEC-4E90-A17A-7B8A2C8E942C}.Release|Any CPU.Build.0 = Release|Any CPU
		{6AD1699E-D5EB-4E94-8758-768A5C5D90AF}.Debug|Any CPU.ActiveCfg = Debug|Any CPU
		{6AD1699E-D5EB-4E94-8758-768A5C5D90AF}.Debug|Any CPU.Build.0 = Debug|Any CPU
		{6AD1699E-D5EB-4E94-8758-768A5C5D90AF}.Release|Any CPU.ActiveCfg = Release|Any CPU
		{6AD1699E-D5EB-4E94-8758-768A5C5D90AF}.Release|Any CPU.Build.0 = Release|Any CPU
	EndGlobalSection
	GlobalSection(SolutionProperties) = preSolution
		HideSolutionNode = FALSE
	EndGlobalSection
	GlobalSection(NestedProjects) = preSolution
		{59509E69-A6DD-418C-BBD3-ED59EA58A9D3} = {F06156F5-C5FF-4ADB-BB6E-7D8F67B4D249}
		{29A99949-E212-4618-AD0E-7B99777202DF} = {F06156F5-C5FF-4ADB-BB6E-7D8F67B4D249}
		{55F70B06-B9F1-48E8-975C-D40924EF48D9} = {F06156F5-C5FF-4ADB-BB6E-7D8F67B4D249}
		{7EE241A2-2AE0-487F-874E-0506CC6664AE} = {F06156F5-C5FF-4ADB-BB6E-7D8F67B4D249}
		{F413839B-3271-4D47-9594-65BD01846E1E} = {29A99949-E212-4618-AD0E-7B99777202DF}
		{A63C38A5-477A-4708-A678-D33F95552B68} = {29A99949-E212-4618-AD0E-7B99777202DF}
		{383AEA52-BA3C-4B68-BD7D-FA54A10440D1} = {7EE241A2-2AE0-487F-874E-0506CC6664AE}
		{B383A10E-FA12-45B9-A17F-656537C6EEE9} = {55F70B06-B9F1-48E8-975C-D40924EF48D9}
		{DD52AC63-234D-4E23-AEA5-1CF145843A54} = {55F70B06-B9F1-48E8-975C-D40924EF48D9}
		{49887E46-B003-4D51-8F98-6B1D48EA0DE4} = {F06156F5-C5FF-4ADB-BB6E-7D8F67B4D249}
		{4A33B063-4D2B-451F-ADD5-65E1057BDC45} = {49887E46-B003-4D51-8F98-6B1D48EA0DE4}
		{ADAE80F5-39F3-45A4-BDC0-E19902806331} = {49887E46-B003-4D51-8F98-6B1D48EA0DE4}
		{AA9F8D73-0580-4655-8F35-E3094F967470} = {49887E46-B003-4D51-8F98-6B1D48EA0DE4}
		{240C5D65-7FEC-4E90-A17A-7B8A2C8E942C} = {29A99949-E212-4618-AD0E-7B99777202DF}
		{6AD1699E-D5EB-4E94-8758-768A5C5D90AF} = {29A99949-E212-4618-AD0E-7B99777202DF}
	EndGlobalSection
EndGlobal
