
Microsoft Visual Studio Solution File, Format Version 12.00
# Visual Studio 14
VisualStudioVersion = 14.0.24720.0
MinimumVisualStudioVersion = 10.0.40219.1
Project("{2150E333-8FDC-42A3-9474-1A3956D46DE8}") = "src", "src", "{8062883C-9446-46BD-9A0B-49A1670048AB}"
EndProject
Project("{2150E333-8FDC-42A3-9474-1A3956D46DE8}") = "Solution Items", "Solution Items", "{8FC5A942-FC3A-4C58-AF45-3A26F492A99B}"
	ProjectSection(SolutionItems) = preProject
		global.json = global.json
	EndProjectSection
EndProject
Project("{8BB2217D-0F2D-49D1-97BC-3654ED321F3B}") = "MobileSecondHand", "src\MobileSecondHand\MobileSecondHand.xproj", "{1C56093F-9A7F-4C55-A999-1F1509196FC4}"
EndProject
Project("{8BB2217D-0F2D-49D1-97BC-3654ED321F3B}") = "MobileSecondHand.Api.Models", "src\MobileSecondHand.Api.Models\MobileSecondHand.Api.Models.xproj", "{13FB3B65-B6F7-40DF-97CE-DB89D9126FCD}"
EndProject
Project("{8BB2217D-0F2D-49D1-97BC-3654ED321F3B}") = "MobileSecondHand.Api.Services", "src\MobileSecondHand.Api.Services\MobileSecondHand.Api.Services.xproj", "{7DCEB237-EAA0-4473-88A8-FA6182BBCBCC}"
EndProject
Project("{8BB2217D-0F2D-49D1-97BC-3654ED321F3B}") = "MobileSecondHand.Db.Models", "src\MobileSecondHand.Db.Models\MobileSecondHand.Db.Models.xproj", "{31FF8E8D-5A2A-465F-8FDD-2644C939537F}"
EndProject
Project("{8BB2217D-0F2D-49D1-97BC-3654ED321F3B}") = "MobileSecondHand.Db.Services", "src\MobileSecondHand.Db.Services\MobileSecondHand.Db.Services.xproj", "{F1468AB7-1D03-44A6-9E26-68C046C62282}"
EndProject
Global
	GlobalSection(SolutionConfigurationPlatforms) = preSolution
		Debug|Any CPU = Debug|Any CPU
		Release|Any CPU = Release|Any CPU
	EndGlobalSection
	GlobalSection(ProjectConfigurationPlatforms) = postSolution
		{1C56093F-9A7F-4C55-A999-1F1509196FC4}.Debug|Any CPU.ActiveCfg = Debug|Any CPU
		{1C56093F-9A7F-4C55-A999-1F1509196FC4}.Debug|Any CPU.Build.0 = Debug|Any CPU
		{1C56093F-9A7F-4C55-A999-1F1509196FC4}.Release|Any CPU.ActiveCfg = Release|Any CPU
		{1C56093F-9A7F-4C55-A999-1F1509196FC4}.Release|Any CPU.Build.0 = Release|Any CPU
		{13FB3B65-B6F7-40DF-97CE-DB89D9126FCD}.Debug|Any CPU.ActiveCfg = Debug|Any CPU
		{13FB3B65-B6F7-40DF-97CE-DB89D9126FCD}.Debug|Any CPU.Build.0 = Debug|Any CPU
		{13FB3B65-B6F7-40DF-97CE-DB89D9126FCD}.Release|Any CPU.ActiveCfg = Release|Any CPU
		{13FB3B65-B6F7-40DF-97CE-DB89D9126FCD}.Release|Any CPU.Build.0 = Release|Any CPU
		{7DCEB237-EAA0-4473-88A8-FA6182BBCBCC}.Debug|Any CPU.ActiveCfg = Debug|Any CPU
		{7DCEB237-EAA0-4473-88A8-FA6182BBCBCC}.Debug|Any CPU.Build.0 = Debug|Any CPU
		{7DCEB237-EAA0-4473-88A8-FA6182BBCBCC}.Release|Any CPU.ActiveCfg = Release|Any CPU
		{7DCEB237-EAA0-4473-88A8-FA6182BBCBCC}.Release|Any CPU.Build.0 = Release|Any CPU
		{31FF8E8D-5A2A-465F-8FDD-2644C939537F}.Debug|Any CPU.ActiveCfg = Debug|Any CPU
		{31FF8E8D-5A2A-465F-8FDD-2644C939537F}.Debug|Any CPU.Build.0 = Debug|Any CPU
		{31FF8E8D-5A2A-465F-8FDD-2644C939537F}.Release|Any CPU.ActiveCfg = Release|Any CPU
		{31FF8E8D-5A2A-465F-8FDD-2644C939537F}.Release|Any CPU.Build.0 = Release|Any CPU
		{F1468AB7-1D03-44A6-9E26-68C046C62282}.Debug|Any CPU.ActiveCfg = Debug|Any CPU
		{F1468AB7-1D03-44A6-9E26-68C046C62282}.Debug|Any CPU.Build.0 = Debug|Any CPU
		{F1468AB7-1D03-44A6-9E26-68C046C62282}.Release|Any CPU.ActiveCfg = Release|Any CPU
		{F1468AB7-1D03-44A6-9E26-68C046C62282}.Release|Any CPU.Build.0 = Release|Any CPU
	EndGlobalSection
	GlobalSection(SolutionProperties) = preSolution
		HideSolutionNode = FALSE
	EndGlobalSection
	GlobalSection(NestedProjects) = preSolution
		{1C56093F-9A7F-4C55-A999-1F1509196FC4} = {8062883C-9446-46BD-9A0B-49A1670048AB}
		{13FB3B65-B6F7-40DF-97CE-DB89D9126FCD} = {8062883C-9446-46BD-9A0B-49A1670048AB}
		{7DCEB237-EAA0-4473-88A8-FA6182BBCBCC} = {8062883C-9446-46BD-9A0B-49A1670048AB}
		{31FF8E8D-5A2A-465F-8FDD-2644C939537F} = {8062883C-9446-46BD-9A0B-49A1670048AB}
		{F1468AB7-1D03-44A6-9E26-68C046C62282} = {8062883C-9446-46BD-9A0B-49A1670048AB}
	EndGlobalSection
EndGlobal
