
Microsoft Visual Studio Solution File, Format Version 12.00
# Visual Studio 14
VisualStudioVersion = 14.0.25420.1
MinimumVisualStudioVersion = 10.0.40219.1
Project("{FAE04EC0-301F-11D3-BF4B-00C04F79EFBC}") = "MobileSecondHand.App", "MobileSecondHand.App\MobileSecondHand.App.csproj", "{EE4FD2E9-05EC-41F7-B755-41C48FDC266E}"
EndProject
Project("{FAE04EC0-301F-11D3-BF4B-00C04F79EFBC}") = "MobileSecondHand.Models", "MobileSecondHand.Models\MobileSecondHand.Models.csproj", "{A06429C2-0FED-40A3-8721-D58CC20773EE}"
EndProject
Project("{FAE04EC0-301F-11D3-BF4B-00C04F79EFBC}") = "MobileSecondHand.Services", "MobileSecondHand.Services\MobileSecondHand.Services.csproj", "{64034E83-7C82-46EE-B7B8-84F24627E8ED}"
EndProject
Project("{FAE04EC0-301F-11D3-BF4B-00C04F79EFBC}") = "MobileSecondHand.API.Models.Shared", "..\..\Visual Studio\MobileSecondHand\MobileSecondHand.API.Models.Shared\MobileSecondHand.API.Models.Shared.csproj", "{240C5D65-7FEC-4E90-A17A-7B8A2C8E942C}"
EndProject
Project("{FAE04EC0-301F-11D3-BF4B-00C04F79EFBC}") = "MobileSecondHand.API.Services.Shared", "..\..\Visual Studio\MobileSecondHand\MobileSecondHand.API.Services.Shared\MobileSecondHand.API.Services.Shared.csproj", "{6AD1699E-D5EB-4E94-8758-768A5C5D90AF}"
EndProject
Global
	GlobalSection(SolutionConfigurationPlatforms) = preSolution
		Debug|Any CPU = Debug|Any CPU
		Release|Any CPU = Release|Any CPU
	EndGlobalSection
	GlobalSection(ProjectConfigurationPlatforms) = postSolution
		{EE4FD2E9-05EC-41F7-B755-41C48FDC266E}.Debug|Any CPU.ActiveCfg = Debug|Any CPU
		{EE4FD2E9-05EC-41F7-B755-41C48FDC266E}.Debug|Any CPU.Build.0 = Debug|Any CPU
		{EE4FD2E9-05EC-41F7-B755-41C48FDC266E}.Debug|Any CPU.Deploy.0 = Debug|Any CPU
		{EE4FD2E9-05EC-41F7-B755-41C48FDC266E}.Release|Any CPU.ActiveCfg = Release|Any CPU
		{EE4FD2E9-05EC-41F7-B755-41C48FDC266E}.Release|Any CPU.Build.0 = Release|Any CPU
		{EE4FD2E9-05EC-41F7-B755-41C48FDC266E}.Release|Any CPU.Deploy.0 = Release|Any CPU
		{A06429C2-0FED-40A3-8721-D58CC20773EE}.Debug|Any CPU.ActiveCfg = Debug|Any CPU
		{A06429C2-0FED-40A3-8721-D58CC20773EE}.Debug|Any CPU.Build.0 = Debug|Any CPU
		{A06429C2-0FED-40A3-8721-D58CC20773EE}.Debug|Any CPU.Deploy.0 = Debug|Any CPU
		{A06429C2-0FED-40A3-8721-D58CC20773EE}.Release|Any CPU.ActiveCfg = Release|Any CPU
		{A06429C2-0FED-40A3-8721-D58CC20773EE}.Release|Any CPU.Build.0 = Release|Any CPU
		{64034E83-7C82-46EE-B7B8-84F24627E8ED}.Debug|Any CPU.ActiveCfg = Debug|Any CPU
		{64034E83-7C82-46EE-B7B8-84F24627E8ED}.Debug|Any CPU.Build.0 = Debug|Any CPU
		{64034E83-7C82-46EE-B7B8-84F24627E8ED}.Release|Any CPU.ActiveCfg = Release|Any CPU
		{64034E83-7C82-46EE-B7B8-84F24627E8ED}.Release|Any CPU.Build.0 = Release|Any CPU
		{240C5D65-7FEC-4E90-A17A-7B8A2C8E942C}.Debug|Any CPU.ActiveCfg = Debug|Any CPU
		{240C5D65-7FEC-4E90-A17A-7B8A2C8E942C}.Debug|Any CPU.Build.0 = Debug|Any CPU
		{240C5D65-7FEC-4E90-A17A-7B8A2C8E942C}.Debug|Any CPU.Deploy.0 = Debug|Any CPU
		{240C5D65-7FEC-4E90-A17A-7B8A2C8E942C}.Release|Any CPU.ActiveCfg = Release|Any CPU
		{240C5D65-7FEC-4E90-A17A-7B8A2C8E942C}.Release|Any CPU.Build.0 = Release|Any CPU
		{6AD1699E-D5EB-4E94-8758-768A5C5D90AF}.Debug|Any CPU.ActiveCfg = Debug|Any CPU
		{6AD1699E-D5EB-4E94-8758-768A5C5D90AF}.Debug|Any CPU.Build.0 = Debug|Any CPU
		{6AD1699E-D5EB-4E94-8758-768A5C5D90AF}.Release|Any CPU.ActiveCfg = Release|Any CPU
		{6AD1699E-D5EB-4E94-8758-768A5C5D90AF}.Release|Any CPU.Build.0 = Release|Any CPU
	EndGlobalSection
	GlobalSection(SolutionProperties) = preSolution
		HideSolutionNode = FALSE
	EndGlobalSection
EndGlobal
